// !$*UTF8*$!
{
	archiveVersion = 1;
	classes = {
	};
	objectVersion = 46;
	objects = {

/* Begin PBXBuildFile section */
		8F0A3FF41E544D54002E1985 /* AppDelegate.swift in Sources */ = {isa = PBXBuildFile; fileRef = 8F0A3FF31E544D54002E1985 /* AppDelegate.swift */; };
		8F0A3FF61E544D54002E1985 /* ViewController.swift in Sources */ = {isa = PBXBuildFile; fileRef = 8F0A3FF51E544D54002E1985 /* ViewController.swift */; };
		8F0A3FF91E544D54002E1985 /* Main.storyboard in Resources */ = {isa = PBXBuildFile; fileRef = 8F0A3FF71E544D54002E1985 /* Main.storyboard */; };
		8F0A3FFB1E544D54002E1985 /* Assets.xcassets in Resources */ = {isa = PBXBuildFile; fileRef = 8F0A3FFA1E544D54002E1985 /* Assets.xcassets */; };
		8F0A3FFE1E544D54002E1985 /* LaunchScreen.storyboard in Resources */ = {isa = PBXBuildFile; fileRef = 8F0A3FFC1E544D54002E1985 /* LaunchScreen.storyboard */; };
		8F0A40091E544D54002E1985 /* First_ProjectTests.swift in Sources */ = {isa = PBXBuildFile; fileRef = 8F0A40081E544D54002E1985 /* First_ProjectTests.swift */; };
		8F0A40141E544D54002E1985 /* First_ProjectUITests.swift in Sources */ = {isa = PBXBuildFile; fileRef = 8F0A40131E544D54002E1985 /* First_ProjectUITests.swift */; };
/* End PBXBuildFile section */

/* Begin PBXContainerItemProxy section */
		8F0A40051E544D54002E1985 /* PBXContainerItemProxy */ = {
			isa = PBXContainerItemProxy;
			containerPortal = 8F0A3FE81E544D53002E1985 /* Project object */;
			proxyType = 1;
			remoteGlobalIDString = 8F0A3FEF1E544D53002E1985;
			remoteInfo = "First Project";
		};
		8F0A40101E544D54002E1985 /* PBXContainerItemProxy */ = {
			isa = PBXContainerItemProxy;
			containerPortal = 8F0A3FE81E544D53002E1985 /* Project object */;
			proxyType = 1;
			remoteGlobalIDString = 8F0A3FEF1E544D53002E1985;
			remoteInfo = "First Project";
		};
/* End PBXContainerItemProxy section */

/* Begin PBXFileReference section */
		8F0A3FF01E544D54002E1985 /* First Project.app */ = {isa = PBXFileReference; explicitFileType = wrapper.application; includeInIndex = 0; path = "First Project.app"; sourceTree = BUILT_PRODUCTS_DIR; };
		8F0A3FF31E544D54002E1985 /* AppDelegate.swift */ = {isa = PBXFileReference; lastKnownFileType = sourcecode.swift; path = AppDelegate.swift; sourceTree = "<group>"; };
		8F0A3FF51E544D54002E1985 /* ViewController.swift */ = {isa = PBXFileReference; lastKnownFileType = sourcecode.swift; path = ViewController.swift; sourceTree = "<group>"; };
		8F0A3FF81E544D54002E1985 /* Base */ = {isa = PBXFileReference; lastKnownFileType = file.storyboard; name = Base; path = Base.lproj/Main.storyboard; sourceTree = "<group>"; };
		8F0A3FFA1E544D54002E1985 /* Assets.xcassets */ = {isa = PBXFileReference; lastKnownFileType = folder.assetcatalog; path = Assets.xcassets; sourceTree = "<group>"; };
		8F0A3FFD1E544D54002E1985 /* Base */ = {isa = PBXFileReference; lastKnownFileType = file.storyboard; name = Base; path = Base.lproj/LaunchScreen.storyboard; sourceTree = "<group>"; };
		8F0A3FFF1E544D54002E1985 /* Info.plist */ = {isa = PBXFileReference; lastKnownFileType = text.plist.xml; path = Info.plist; sourceTree = "<group>"; };
		8F0A40041E544D54002E1985 /* First ProjectTests.xctest */ = {isa = PBXFileReference; explicitFileType = wrapper.cfbundle; includeInIndex = 0; path = "First ProjectTests.xctest"; sourceTree = BUILT_PRODUCTS_DIR; };
		8F0A40081E544D54002E1985 /* First_ProjectTests.swift */ = {isa = PBXFileReference; lastKnownFileType = sourcecode.swift; path = First_ProjectTests.swift; sourceTree = "<group>"; };
		8F0A400A1E544D54002E1985 /* Info.plist */ = {isa = PBXFileReference; lastKnownFileType = text.plist.xml; path = Info.plist; sourceTree = "<group>"; };
		8F0A400F1E544D54002E1985 /* First ProjectUITests.xctest */ = {isa = PBXFileReference; explicitFileType = wrapper.cfbundle; includeInIndex = 0; path = "First ProjectUITests.xctest"; sourceTree = BUILT_PRODUCTS_DIR; };
		8F0A40131E544D54002E1985 /* First_ProjectUITests.swift */ = {isa = PBXFileReference; lastKnownFileType = sourcecode.swift; path = First_ProjectUITests.swift; sourceTree = "<group>"; };
		8F0A40151E544D54002E1985 /* Info.plist */ = {isa = PBXFileReference; lastKnownFileType = text.plist.xml; path = Info.plist; sourceTree = "<group>"; };
/* End PBXFileReference section */

/* Begin PBXFrameworksBuildPhase section */
		8F0A3FED1E544D53002E1985 /* Frameworks */ = {
			isa = PBXFrameworksBuildPhase;
			buildActionMask = 2147483647;
			files = (
			);
			runOnlyForDeploymentPostprocessing = 0;
		};
		8F0A40011E544D54002E1985 /* Frameworks */ = {
			isa = PBXFrameworksBuildPhase;
			buildActionMask = 2147483647;
			files = (
			);
			runOnlyForDeploymentPostprocessing = 0;
		};
		8F0A400C1E544D54002E1985 /* Frameworks */ = {
			isa = PBXFrameworksBuildPhase;
			buildActionMask = 2147483647;
			files = (
			);
			runOnlyForDeploymentPostprocessing = 0;
		};
/* End PBXFrameworksBuildPhase section */

/* Begin PBXGroup section */
		8F0A3FE71E544D53002E1985 = {
			isa = PBXGroup;
			children = (
				8F0A3FF21E544D54002E1985 /* First Project */,
				8F0A40071E544D54002E1985 /* First ProjectTests */,
				8F0A40121E544D54002E1985 /* First ProjectUITests */,
				8F0A3FF11E544D54002E1985 /* Products */,
			);
			sourceTree = "<group>";
		};
		8F0A3FF11E544D54002E1985 /* Products */ = {
			isa = PBXGroup;
			children = (
				8F0A3FF01E544D54002E1985 /* First Project.app */,
				8F0A40041E544D54002E1985 /* First ProjectTests.xctest */,
				8F0A400F1E544D54002E1985 /* First ProjectUITests.xctest */,
			);
			name = Products;
			sourceTree = "<group>";
		};
		8F0A3FF21E544D54002E1985 /* First Project */ = {
			isa = PBXGroup;
			children = (
				8F0A3FF31E544D54002E1985 /* AppDelegate.swift */,
				8F0A3FF51E544D54002E1985 /* ViewController.swift */,
				8F0A3FF71E544D54002E1985 /* Main.storyboard */,
				8F0A3FFA1E544D54002E1985 /* Assets.xcassets */,
				8F0A3FFC1E544D54002E1985 /* LaunchScreen.storyboard */,
				8F0A3FFF1E544D54002E1985 /* Info.plist */,
			);
			path = "First Project";
			sourceTree = "<group>";
		};
		8F0A40071E544D54002E1985 /* First ProjectTests */ = {
			isa = PBXGroup;
			children = (
				8F0A40081E544D54002E1985 /* First_ProjectTests.swift */,
				8F0A400A1E544D54002E1985 /* Info.plist */,
			);
			path = "First ProjectTests";
			sourceTree = "<group>";
		};
		8F0A40121E544D54002E1985 /* First ProjectUITests */ = {
			isa = PBXGroup;
			children = (
				8F0A40131E544D54002E1985 /* First_ProjectUITests.swift */,
				8F0A40151E544D54002E1985 /* Info.plist */,
			);
			path = "First ProjectUITests";
			sourceTree = "<group>";
		};
/* End PBXGroup section */

/* Begin PBXNativeTarget section */
		8F0A3FEF1E544D53002E1985 /* First Project */ = {
			isa = PBXNativeTarget;
			buildConfigurationList = 8F0A40181E544D54002E1985 /* Build configuration list for PBXNativeTarget "First Project" */;
			buildPhases = (
				8F0A3FEC1E544D53002E1985 /* Sources */,
				8F0A3FED1E544D53002E1985 /* Frameworks */,
				8F0A3FEE1E544D53002E1985 /* Resources */,
			);
			buildRules = (
			);
			dependencies = (
			);
			name = "First Project";
			productName = "First Project";
			productReference = 8F0A3FF01E544D54002E1985 /* First Project.app */;
			productType = "com.apple.product-type.application";
		};
		8F0A40031E544D54002E1985 /* First ProjectTests */ = {
			isa = PBXNativeTarget;
			buildConfigurationList = 8F0A401B1E544D54002E1985 /* Build configuration list for PBXNativeTarget "First ProjectTests" */;
			buildPhases = (
				8F0A40001E544D54002E1985 /* Sources */,
				8F0A40011E544D54002E1985 /* Frameworks */,
				8F0A40021E544D54002E1985 /* Resources */,
			);
			buildRules = (
			);
			dependencies = (
				8F0A40061E544D54002E1985 /* PBXTargetDependency */,
			);
			name = "First ProjectTests";
			productName = "First ProjectTests";
			productReference = 8F0A40041E544D54002E1985 /* First ProjectTests.xctest */;
			productType = "com.apple.product-type.bundle.unit-test";
		};
		8F0A400E1E544D54002E1985 /* First ProjectUITests */ = {
			isa = PBXNativeTarget;
			buildConfigurationList = 8F0A401E1E544D54002E1985 /* Build configuration list for PBXNativeTarget "First ProjectUITests" */;
			buildPhases = (
				8F0A400B1E544D54002E1985 /* Sources */,
				8F0A400C1E544D54002E1985 /* Frameworks */,
				8F0A400D1E544D54002E1985 /* Resources */,
			);
			buildRules = (
			);
			dependencies = (
				8F0A40111E544D54002E1985 /* PBXTargetDependency */,
			);
			name = "First ProjectUITests";
			productName = "First ProjectUITests";
			productReference = 8F0A400F1E544D54002E1985 /* First ProjectUITests.xctest */;
			productType = "com.apple.product-type.bundle.ui-testing";
		};
/* End PBXNativeTarget section */

/* Begin PBXProject section */
		8F0A3FE81E544D53002E1985 /* Project object */ = {
			isa = PBXProject;
			attributes = {
				LastSwiftUpdateCheck = 0820;
				LastUpgradeCheck = 0820;
				ORGANIZATIONNAME = "Prashant Mahajan";
				TargetAttributes = {
					8F0A3FEF1E544D53002E1985 = {
						CreatedOnToolsVersion = 8.2.1;
						ProvisioningStyle = Automatic;
					};
					8F0A40031E544D54002E1985 = {
						CreatedOnToolsVersion = 8.2.1;
						ProvisioningStyle = Automatic;
						TestTargetID = 8F0A3FEF1E544D53002E1985;
					};
					8F0A400E1E544D54002E1985 = {
						CreatedOnToolsVersion = 8.2.1;
						ProvisioningStyle = Automatic;
						TestTargetID = 8F0A3FEF1E544D53002E1985;
					};
				};
			};
			buildConfigurationList = 8F0A3FEB1E544D53002E1985 /* Build configuration list for PBXProject "First Project" */;
			compatibilityVersion = "Xcode 3.2";
			developmentRegion = English;
			hasScannedForEncodings = 0;
			knownRegions = (
				en,
				Base,
			);
			mainGroup = 8F0A3FE71E544D53002E1985;
			productRefGroup = 8F0A3FF11E544D54002E1985 /* Products */;
			projectDirPath = "";
			projectRoot = "";
			targets = (
				8F0A3FEF1E544D53002E1985 /* First Project */,
				8F0A40031E544D54002E1985 /* First ProjectTests */,
				8F0A400E1E544D54002E1985 /* First ProjectUITests */,
			);
		};
/* End PBXProject section */

/* Begin PBXResourcesBuildPhase section */
		8F0A3FEE1E544D53002E1985 /* Resources */ = {
			isa = PBXResourcesBuildPhase;
			buildActionMask = 2147483647;
			files = (
				8F0A3FFE1E544D54002E1985 /* LaunchScreen.storyboard in Resources */,
				8F0A3FFB1E544D54002E1985 /* Assets.xcassets in Resources */,
				8F0A3FF91E544D54002E1985 /* Main.storyboard in Resources */,
			);
			runOnlyForDeploymentPostprocessing = 0;
		};
		8F0A40021E544D54002E1985 /* Resources */ = {
			isa = PBXResourcesBuildPhase;
			buildActionMask = 2147483647;
			files = (
			);
			runOnlyForDeploymentPostprocessing = 0;
		};
		8F0A400D1E544D54002E1985 /* Resources */ = {
			isa = PBXResourcesBuildPhase;
			buildActionMask = 2147483647;
			files = (
			);
			runOnlyForDeploymentPostprocessing = 0;
		};
/* End PBXResourcesBuildPhase section */

/* Begin PBXSourcesBuildPhase section */
		8F0A3FEC1E544D53002E1985 /* Sources */ = {
			isa = PBXSourcesBuildPhase;
			buildActionMask = 2147483647;
			files = (
				8F0A3FF61E544D54002E1985 /* ViewController.swift in Sources */,
				8F0A3FF41E544D54002E1985 /* AppDelegate.swift in Sources */,
			);
			runOnlyForDeploymentPostprocessing = 0;
		};
		8F0A40001E544D54002E1985 /* Sources */ = {
			isa = PBXSourcesBuildPhase;
			buildActionMask = 2147483647;
			files = (
				8F0A40091E544D54002E1985 /* First_ProjectTests.swift in Sources */,
			);
			runOnlyForDeploymentPostprocessing = 0;
		};
		8F0A400B1E544D54002E1985 /* Sources */ = {
			isa = PBXSourcesBuildPhase;
			buildActionMask = 2147483647;
			files = (
				8F0A40141E544D54002E1985 /* First_ProjectUITests.swift in Sources */,
			);
			runOnlyForDeploymentPostprocessing = 0;
		};
/* End PBXSourcesBuildPhase section */

/* Begin PBXTargetDependency section */
		8F0A40061E544D54002E1985 /* PBXTargetDependency */ = {
			isa = PBXTargetDependency;
			target = 8F0A3FEF1E544D53002E1985 /* First Project */;
			targetProxy = 8F0A40051E544D54002E1985 /* PBXContainerItemProxy */;
		};
		8F0A40111E544D54002E1985 /* PBXTargetDependency */ = {
			isa = PBXTargetDependency;
			target = 8F0A3FEF1E544D53002E1985 /* First Project */;
			targetProxy = 8F0A40101E544D54002E1985 /* PBXContainerItemProxy */;
		};
/* End PBXTargetDependency section */

/* Begin PBXVariantGroup section */
		8F0A3FF71E544D54002E1985 /* Main.storyboard */ = {
			isa = PBXVariantGroup;
			children = (
				8F0A3FF81E544D54002E1985 /* Base */,
			);
			name = Main.storyboard;
			sourceTree = "<group>";
		};
		8F0A3FFC1E544D54002E1985 /* LaunchScreen.storyboard */ = {
			isa = PBXVariantGroup;
			children = (
				8F0A3FFD1E544D54002E1985 /* Base */,
			);
			name = LaunchScreen.storyboard;
			sourceTree = "<group>";
		};
/* End PBXVariantGroup section */

/* Begin XCBuildConfiguration section */
		8F0A40161E544D54002E1985 /* Debug */ = {
			isa = XCBuildConfiguration;
			buildSettings = {
				ALWAYS_SEARCH_USER_PATHS = NO;
				CLANG_ANALYZER_NONNULL = YES;
				CLANG_CXX_LANGUAGE_STANDARD = "gnu++0x";
				CLANG_CXX_LIBRARY = "libc++";
				CLANG_ENABLE_MODULES = YES;
				CLANG_ENABLE_OBJC_ARC = YES;
				CLANG_WARN_BOOL_CONVERSION = YES;
				CLANG_WARN_CONSTANT_CONVERSION = YES;
				CLANG_WARN_DIRECT_OBJC_ISA_USAGE = YES_ERROR;
				CLANG_WARN_DOCUMENTATION_COMMENTS = YES;
				CLANG_WARN_EMPTY_BODY = YES;
				CLANG_WARN_ENUM_CONVERSION = YES;
				CLANG_WARN_INFINITE_RECURSION = YES;
				CLANG_WARN_INT_CONVERSION = YES;
				CLANG_WARN_OBJC_ROOT_CLASS = YES_ERROR;
				CLANG_WARN_SUSPICIOUS_MOVE = YES;
				CLANG_WARN_UNREACHABLE_CODE = YES;
				CLANG_WARN__DUPLICATE_METHOD_MATCH = YES;
				"CODE_SIGN_IDENTITY[sdk=iphoneos*]" = "iPhone Developer";
				COPY_PHASE_STRIP = NO;
				DEBUG_INFORMATION_FORMAT = dwarf;
				ENABLE_STRICT_OBJC_MSGSEND = YES;
				ENABLE_TESTABILITY = YES;
				GCC_C_LANGUAGE_STANDARD = gnu99;
				GCC_DYNAMIC_NO_PIC = NO;
				GCC_NO_COMMON_BLOCKS = YES;
				GCC_OPTIMIZATION_LEVEL = 0;
				GCC_PREPROCESSOR_DEFINITIONS = (
					"DEBUG=1",
					"$(inherited)",
				);
				GCC_WARN_64_TO_32_BIT_CONVERSION = YES;
				GCC_WARN_ABOUT_RETURN_TYPE = YES_ERROR;
				GCC_WARN_UNDECLARED_SELECTOR = YES;
				GCC_WARN_UNINITIALIZED_AUTOS = YES_AGGRESSIVE;
				GCC_WARN_UNUSED_FUNCTION = YES;
				GCC_WARN_UNUSED_VARIABLE = YES;
				IPHONEOS_DEPLOYMENT_TARGET = 10.2;
				MTL_ENABLE_DEBUG_INFO = YES;
				ONLY_ACTIVE_ARCH = YES;
				SDKROOT = iphoneos;
				SWIFT_ACTIVE_COMPILATION_CONDITIONS = DEBUG;
				SWIFT_OPTIMIZATION_LEVEL = "-Onone";
				TARGETED_DEVICE_FAMILY = "1,2";
			};
			name = Debug;
		};
		8F0A40171E544D54002E1985 /* Release */ = {
			isa = XCBuildConfiguration;
			buildSettings = {
				ALWAYS_SEARCH_USER_PATHS = NO;
				CLANG_ANALYZER_NONNULL = YES;
				CLANG_CXX_LANGUAGE_STANDARD = "gnu++0x";
				CLANG_CXX_LIBRARY = "libc++";
				CLANG_ENABLE_MODULES = YES;
				CLANG_ENABLE_OBJC_ARC = YES;
				CLANG_WARN_BOOL_CONVERSION = YES;
				CLANG_WARN_CONSTANT_CONVERSION = YES;
				CLANG_WARN_DIRECT_OBJC_ISA_USAGE = YES_ERROR;
				CLANG_WARN_DOCUMENTATION_COMMENTS = YES;
				CLANG_WARN_EMPTY_BODY = YES;
				CLANG_WARN_ENUM_CONVERSION = YES;
				CLANG_WARN_INFINITE_RECURSION = YES;
				CLANG_WARN_INT_CONVERSION = YES;
				CLANG_WARN_OBJC_ROOT_CLASS = YES_ERROR;
				CLANG_WARN_SUSPICIOUS_MOVE = YES;
				CLANG_WARN_UNREACHABLE_CODE = YES;
				CLANG_WARN__DUPLICATE_METHOD_MATCH = YES;
				"CODE_SIGN_IDENTITY[sdk=iphoneos*]" = "iPhone Developer";
				COPY_PHASE_STRIP = NO;
				DEBUG_INFORMATION_FORMAT = "dwarf-with-dsym";
				ENABLE_NS_ASSERTIONS = NO;
				ENABLE_STRICT_OBJC_MSGSEND = YES;
				GCC_C_LANGUAGE_STANDARD = gnu99;
				GCC_NO_COMMON_BLOCKS = YES;
				GCC_WARN_64_TO_32_BIT_CONVERSION = YES;
				GCC_WARN_ABOUT_RETURN_TYPE = YES_ERROR;
				GCC_WARN_UNDECLARED_SELECTOR = YES;
				GCC_WARN_UNINITIALIZED_AUTOS = YES_AGGRESSIVE;
				GCC_WARN_UNUSED_FUNCTION = YES;
				GCC_WARN_UNUSED_VARIABLE = YES;
				IPHONEOS_DEPLOYMENT_TARGET = 10.2;
				MTL_ENABLE_DEBUG_INFO = NO;
				SDKROOT = iphoneos;
				SWIFT_OPTIMIZATION_LEVEL = "-Owholemodule";
				TARGETED_DEVICE_FAMILY = "1,2";
				VALIDATE_PRODUCT = YES;
			};
			name = Release;
		};
		8F0A40191E544D54002E1985 /* Debug */ = {
			isa = XCBuildConfiguration;
			buildSettings = {
				ASSETCATALOG_COMPILER_APPICON_NAME = AppIcon;
				INFOPLIST_FILE = "First Project/Info.plist";
				LD_RUNPATH_SEARCH_PATHS = "$(inherited) @executable_path/Frameworks";
				PRODUCT_BUNDLE_IDENTIFIER = "Prashant.First-Project";
				PRODUCT_NAME = "$(TARGET_NAME)";
				SWIFT_VERSION = 3.0;
			};
			name = Debug;
		};
		8F0A401A1E544D54002E1985 /* Release */ = {
			isa = XCBuildConfiguration;
			buildSettings = {
				ASSETCATALOG_COMPILER_APPICON_NAME = AppIcon;
				INFOPLIST_FILE = "First Project/Info.plist";
				LD_RUNPATH_SEARCH_PATHS = "$(inherited) @executable_path/Frameworks";
				PRODUCT_BUNDLE_IDENTIFIER = "Prashant.First-Project";
				PRODUCT_NAME = "$(TARGET_NAME)";
				SWIFT_VERSION = 3.0;
			};
			name = Release;
		};
		8F0A401C1E544D54002E1985 /* Debug */ = {
			isa = XCBuildConfiguration;
			buildSettings = {
				ALWAYS_EMBED_SWIFT_STANDARD_LIBRARIES = YES;
				BUNDLE_LOADER = "$(TEST_HOST)";
				INFOPLIST_FILE = "First ProjectTests/Info.plist";
				LD_RUNPATH_SEARCH_PATHS = "$(inherited) @executable_path/Frameworks @loader_path/Frameworks";
				PRODUCT_BUNDLE_IDENTIFIER = "Prashant.First-ProjectTests";
				PRODUCT_NAME = "$(TARGET_NAME)";
				SWIFT_VERSION = 3.0;
				TEST_HOST = "$(BUILT_PRODUCTS_DIR)/First Project.app/First Project";
			};
			name = Debug;
		};
		8F0A401D1E544D54002E1985 /* Release */ = {
			isa = XCBuildConfiguration;
			buildSettings = {
				ALWAYS_EMBED_SWIFT_STANDARD_LIBRARIES = YES;
				BUNDLE_LOADER = "$(TEST_HOST)";
				INFOPLIST_FILE = "First ProjectTests/Info.plist";
				LD_RUNPATH_SEARCH_PATHS = "$(inherited) @executable_path/Frameworks @loader_path/Frameworks";
				PRODUCT_BUNDLE_IDENTIFIER = "Prashant.First-ProjectTests";
				PRODUCT_NAME = "$(TARGET_NAME)";
				SWIFT_VERSION = 3.0;
				TEST_HOST = "$(BUILT_PRODUCTS_DIR)/First Project.app/First Project";
			};
			name = Release;
		};
		8F0A401F1E544D54002E1985 /* Debug */ = {
			isa = XCBuildConfiguration;
			buildSettings = {
				ALWAYS_EMBED_SWIFT_STANDARD_LIBRARIES = YES;
				INFOPLIST_FILE = "First ProjectUITests/Info.plist";
				LD_RUNPATH_SEARCH_PATHS = "$(inherited) @executable_path/Frameworks @loader_path/Frameworks";
				PRODUCT_BUNDLE_IDENTIFIER = "Prashant.First-ProjectUITests";
				PRODUCT_NAME = "$(TARGET_NAME)";
				SWIFT_VERSION = 3.0;
				TEST_TARGET_NAME = "First Project";
			};
			name = Debug;
		};
		8F0A40201E544D54002E1985 /* Release */ = {
			isa = XCBuildConfiguration;
			buildSettings = {
				ALWAYS_EMBED_SWIFT_STANDARD_LIBRARIES = YES;
				INFOPLIST_FILE = "First ProjectUITests/Info.plist";
				LD_RUNPATH_SEARCH_PATHS = "$(inherited) @executable_path/Frameworks @loader_path/Frameworks";
				PRODUCT_BUNDLE_IDENTIFIER = "Prashant.First-ProjectUITests";
				PRODUCT_NAME = "$(TARGET_NAME)";
				SWIFT_VERSION = 3.0;
				TEST_TARGET_NAME = "First Project";
			};
			name = Release;
		};
/* End XCBuildConfiguration section */

/* Begin XCConfigurationList section */
		8F0A3FEB1E544D53002E1985 /* Build configuration list for PBXProject "First Project" */ = {
			isa = XCConfigurationList;
			buildConfigurations = (
				8F0A40161E544D54002E1985 /* Debug */,
				8F0A40171E544D54002E1985 /* Release */,
			);
			defaultConfigurationIsVisible = 0;
			defaultConfigurationName = Release;
		};
		8F0A40181E544D54002E1985 /* Build configuration list for PBXNativeTarget "First Project" */ = {
			isa = XCConfigurationList;
			buildConfigurations = (
				8F0A40191E544D54002E1985 /* Debug */,
				8F0A401A1E544D54002E1985 /* Release */,
			);
			defaultConfigurationIsVisible = 0;
		};
		8F0A401B1E544D54002E1985 /* Build configuration list for PBXNativeTarget "First ProjectTests" */ = {
			isa = XCConfigurationList;
			buildConfigurations = (
				8F0A401C1E544D54002E1985 /* Debug */,
				8F0A401D1E544D54002E1985 /* Release */,
			);
			defaultConfigurationIsVisible = 0;
		};
		8F0A401E1E544D54002E1985 /* Build configuration list for PBXNativeTarget "First ProjectUITests" */ = {
			isa = XCConfigurationList;
			buildConfigurations = (
				8F0A401F1E544D54002E1985 /* Debug */,
				8F0A40201E544D54002E1985 /* Release */,
			);
			defaultConfigurationIsVisible = 0;
		};
/* End XCConfigurationList section */
	};
	rootObject = 8F0A3FE81E544D53002E1985 /* Project object */;
}
